
Microsoft Visual Studio Solution File, Format Version 12.00
# Visual Studio Version 17
VisualStudioVersion = 17.14.36603.0 d17.14
MinimumVisualStudioVersion = 10.0.40219.1
Project("{FAE04EC0-301F-11D3-BF4B-00C04F79EFBC}") = "EngineerRestApp", "EngineerRestApp\EngineerRestApp.csproj", "{0BF02ABF-E0B9-4F50-A523-9D0B13A2636C}"
EndProject
Global
	GlobalSection(SolutionConfigurationPlatforms) = preSolution
		Debug|Any CPU = Debug|Any CPU
		Release|Any CPU = Release|Any CPU
	EndGlobalSection
	GlobalSection(ProjectConfigurationPlatforms) = postSolution
		{0BF02ABF-E0B9-4F50-A523-9D0B13A2636C}.Debug|Any CPU.ActiveCfg = Debug|Any CPU
		{0BF02ABF-E0B9-4F50-A523-9D0B13A2636C}.Debug|Any CPU.Build.0 = Debug|Any CPU
		{0BF02ABF-E0B9-4F50-A523-9D0B13A2636C}.Release|Any CPU.ActiveCfg = Release|Any CPU
		{0BF02ABF-E0B9-4F50-A523-9D0B13A2636C}.Release|Any CPU.Build.0 = Release|Any CPU
	EndGlobalSection
	GlobalSection(SolutionProperties) = preSolution
		HideSolutionNode = FALSE
	EndGlobalSection
	GlobalSection(ExtensibilityGlobals) = postSolution
		SolutionGuid = {8BD8026D-1C18-49E2-B48A-276EF5CDDE70}
	EndGlobalSection
EndGlobal
